
Microsoft Visual Studio Solution File, Format Version 12.00
# Visual Studio Version 17
VisualStudioVersion = 17.5.33627.172
MinimumVisualStudioVersion = 10.0.40219.1
Project("{9A19103F-16F7-4668-BE54-9A1E7A4F7556}") = "ShopShoes", "ShopShoes\ShopShoes.csproj", "{C532DAB5-2DAA-44D1-BDFB-B91770FF00CF}"
EndProject
Global
	GlobalSection(SolutionConfigurationPlatforms) = preSolution
		Debug|Any CPU = Debug|Any CPU
		Release|Any CPU = Release|Any CPU
	EndGlobalSection
	GlobalSection(ProjectConfigurationPlatforms) = postSolution
		{C532DAB5-2DAA-44D1-BDFB-B91770FF00CF}.Debug|Any CPU.ActiveCfg = Debug|Any CPU
		{C532DAB5-2DAA-44D1-BDFB-B91770FF00CF}.Debug|Any CPU.Build.0 = Debug|Any CPU
		{C532DAB5-2DAA-44D1-BDFB-B91770FF00CF}.Release|Any CPU.ActiveCfg = Release|Any CPU
		{C532DAB5-2DAA-44D1-BDFB-B91770FF00CF}.Release|Any CPU.Build.0 = Release|Any CPU
	EndGlobalSection
	GlobalSection(SolutionProperties) = preSolution
		HideSolutionNode = FALSE
	EndGlobalSection
	GlobalSection(ExtensibilityGlobals) = postSolution
		SolutionGuid = {46ECBFA8-0D4A-4E54-9E0D-684A40D645D0}
	EndGlobalSection
EndGlobal
